
Microsoft Visual Studio Solution File, Format Version 12.00
# Visual Studio Version 16
VisualStudioVersion = 16.0.34031.81
MinimumVisualStudioVersion = 10.0.40219.1
Project("{9A19103F-16F7-4668-BE54-9A1E7A4F7556}") = "PawandeepBookStore", "PawandeepBookStore.csproj", "{864D98FD-3D69-43C1-ACC9-BD9E6D344C89}"
EndProject
Project("{9A19103F-16F7-4668-BE54-9A1E7A4F7556}") = "PawandeepBooks.DataAccess", "..\PawandeepBookStore.DataAccess\PawandeepBooks.DataAccess.csproj", "{B3A3B78B-3C6D-4296-B6F5-1866FED88FBF}"
EndProject
Project("{9A19103F-16F7-4668-BE54-9A1E7A4F7556}") = "PawandeepBooks.Models", "..\PawansBooks.Models\PawandeepBooks.Models.csproj", "{E698BB28-0607-4E15-8B04-CDA66B5DFCC4}"
EndProject
Project("{9A19103F-16F7-4668-BE54-9A1E7A4F7556}") = "PawandeepBooks.Utility", "..\PawansBooks.Utility\PawandeepBooks.Utility.csproj", "{9C4E0E7B-2A6B-4CD1-80BC-53356C176E93}"
EndProject
Global
	GlobalSection(SolutionConfigurationPlatforms) = preSolution
		Debug|Any CPU = Debug|Any CPU
		Release|Any CPU = Release|Any CPU
	EndGlobalSection
	GlobalSection(ProjectConfigurationPlatforms) = postSolution
		{864D98FD-3D69-43C1-ACC9-BD9E6D344C89}.Debug|Any CPU.ActiveCfg = Debug|Any CPU
		{864D98FD-3D69-43C1-ACC9-BD9E6D344C89}.Debug|Any CPU.Build.0 = Debug|Any CPU
		{864D98FD-3D69-43C1-ACC9-BD9E6D344C89}.Release|Any CPU.ActiveCfg = Release|Any CPU
		{864D98FD-3D69-43C1-ACC9-BD9E6D344C89}.Release|Any CPU.Build.0 = Release|Any CPU
		{B3A3B78B-3C6D-4296-B6F5-1866FED88FBF}.Debug|Any CPU.ActiveCfg = Debug|Any CPU
		{B3A3B78B-3C6D-4296-B6F5-1866FED88FBF}.Debug|Any CPU.Build.0 = Debug|Any CPU
		{B3A3B78B-3C6D-4296-B6F5-1866FED88FBF}.Release|Any CPU.ActiveCfg = Release|Any CPU
		{B3A3B78B-3C6D-4296-B6F5-1866FED88FBF}.Release|Any CPU.Build.0 = Release|Any CPU
		{E698BB28-0607-4E15-8B04-CDA66B5DFCC4}.Debug|Any CPU.ActiveCfg = Debug|Any CPU
		{E698BB28-0607-4E15-8B04-CDA66B5DFCC4}.Debug|Any CPU.Build.0 = Debug|Any CPU
		{E698BB28-0607-4E15-8B04-CDA66B5DFCC4}.Release|Any CPU.ActiveCfg = Release|Any CPU
		{E698BB28-0607-4E15-8B04-CDA66B5DFCC4}.Release|Any CPU.Build.0 = Release|Any CPU
		{9C4E0E7B-2A6B-4CD1-80BC-53356C176E93}.Debug|Any CPU.ActiveCfg = Debug|Any CPU
		{9C4E0E7B-2A6B-4CD1-80BC-53356C176E93}.Debug|Any CPU.Build.0 = Debug|Any CPU
		{9C4E0E7B-2A6B-4CD1-80BC-53356C176E93}.Release|Any CPU.ActiveCfg = Release|Any CPU
		{9C4E0E7B-2A6B-4CD1-80BC-53356C176E93}.Release|Any CPU.Build.0 = Release|Any CPU
	EndGlobalSection
	GlobalSection(SolutionProperties) = preSolution
		HideSolutionNode = FALSE
	EndGlobalSection
	GlobalSection(ExtensibilityGlobals) = postSolution
		SolutionGuid = {C582B6AC-4F1C-4066-9F67-CB6AB8AB8814}
	EndGlobalSection
EndGlobal
